
Microsoft Visual Studio Solution File, Format Version 12.00
# Visual Studio Version 17
VisualStudioVersion = 17.11.35303.130
MinimumVisualStudioVersion = 10.0.40219.1
Project("{FAE04EC0-301F-11D3-BF4B-00C04F79EFBC}") = "dive-deep", "dive-deep.csproj", "{4971E25C-A5DE-46FF-86FC-40A9A3949869}"
EndProject
Global
	GlobalSection(SolutionConfigurationPlatforms) = preSolution
		Debug|Any CPU = Debug|Any CPU
		Release|Any CPU = Release|Any CPU
	EndGlobalSection
	GlobalSection(ProjectConfigurationPlatforms) = postSolution
		{4971E25C-A5DE-46FF-86FC-40A9A3949869}.Debug|Any CPU.ActiveCfg = Debug|Any CPU
		{4971E25C-A5DE-46FF-86FC-40A9A3949869}.Debug|Any CPU.Build.0 = Debug|Any CPU
		{4971E25C-A5DE-46FF-86FC-40A9A3949869}.Release|Any CPU.ActiveCfg = Release|Any CPU
		{4971E25C-A5DE-46FF-86FC-40A9A3949869}.Release|Any CPU.Build.0 = Release|Any CPU
	EndGlobalSection
	GlobalSection(SolutionProperties) = preSolution
		HideSolutionNode = FALSE
	EndGlobalSection
	GlobalSection(ExtensibilityGlobals) = postSolution
		SolutionGuid = {F5B5E0E3-38B7-46BA-8E9B-01E7C93D26CF}
	EndGlobalSection
EndGlobal
